
Microsoft Visual Studio Solution File, Format Version 12.00
# Visual Studio Version 17
VisualStudioVersion = 17.0.31919.166
MinimumVisualStudioVersion = 10.0.40219.1
Project("{9A19103F-16F7-4668-BE54-9A1E7A4F7556}") = "Ficha4", "Ficha4\Ficha4.csproj", "{7F9D4C87-8D43-4A61-85B0-FF582A1530A8}"
EndProject
Project("{FAE04EC0-301F-11D3-BF4B-00C04F79EFBC}") = "Ficha5", "FIcha5\Ficha5.csproj", "{C92EC9D9-5765-417A-9A8D-37242B5B8953}"
EndProject
Global
	GlobalSection(SolutionConfigurationPlatforms) = preSolution
		Debug|Any CPU = Debug|Any CPU
		Release|Any CPU = Release|Any CPU
	EndGlobalSection
	GlobalSection(ProjectConfigurationPlatforms) = postSolution
		{7F9D4C87-8D43-4A61-85B0-FF582A1530A8}.Debug|Any CPU.ActiveCfg = Debug|Any CPU
		{7F9D4C87-8D43-4A61-85B0-FF582A1530A8}.Debug|Any CPU.Build.0 = Debug|Any CPU
		{7F9D4C87-8D43-4A61-85B0-FF582A1530A8}.Release|Any CPU.ActiveCfg = Release|Any CPU
		{7F9D4C87-8D43-4A61-85B0-FF582A1530A8}.Release|Any CPU.Build.0 = Release|Any CPU
		{C92EC9D9-5765-417A-9A8D-37242B5B8953}.Debug|Any CPU.ActiveCfg = Debug|Any CPU
		{C92EC9D9-5765-417A-9A8D-37242B5B8953}.Debug|Any CPU.Build.0 = Debug|Any CPU
		{C92EC9D9-5765-417A-9A8D-37242B5B8953}.Release|Any CPU.ActiveCfg = Release|Any CPU
		{C92EC9D9-5765-417A-9A8D-37242B5B8953}.Release|Any CPU.Build.0 = Release|Any CPU
	EndGlobalSection
	GlobalSection(SolutionProperties) = preSolution
		HideSolutionNode = FALSE
	EndGlobalSection
	GlobalSection(ExtensibilityGlobals) = postSolution
		SolutionGuid = {DBC9E74E-9DC1-40B0-B034-D5621B994FA1}
	EndGlobalSection
EndGlobal
