
Microsoft Visual Studio Solution File, Format Version 12.00
# Visual Studio Version 17
VisualStudioVersion = 17.0.31919.166
MinimumVisualStudioVersion = 10.0.40219.1
Project("{FAE04EC0-301F-11D3-BF4B-00C04F79EFBC}") = "ExsUnipartner", "ExsUnipartner\ExsUnipartner.csproj", "{AFEC5E1C-9905-4846-A034-8A7E484255E7}"
EndProject
Global
	GlobalSection(SolutionConfigurationPlatforms) = preSolution
		Debug|Any CPU = Debug|Any CPU
		Release|Any CPU = Release|Any CPU
	EndGlobalSection
	GlobalSection(ProjectConfigurationPlatforms) = postSolution
		{AFEC5E1C-9905-4846-A034-8A7E484255E7}.Debug|Any CPU.ActiveCfg = Debug|Any CPU
		{AFEC5E1C-9905-4846-A034-8A7E484255E7}.Debug|Any CPU.Build.0 = Debug|Any CPU
		{AFEC5E1C-9905-4846-A034-8A7E484255E7}.Release|Any CPU.ActiveCfg = Release|Any CPU
		{AFEC5E1C-9905-4846-A034-8A7E484255E7}.Release|Any CPU.Build.0 = Release|Any CPU
	EndGlobalSection
	GlobalSection(SolutionProperties) = preSolution
		HideSolutionNode = FALSE
	EndGlobalSection
	GlobalSection(ExtensibilityGlobals) = postSolution
		SolutionGuid = {AEB54415-A26D-4174-9A9C-9C2D84AF7807}
	EndGlobalSection
EndGlobal
