{
  "name": "Vue_proj2",
  "lockfileVersion": 2,
  "requires": true,
  "packages": {
    "": {
      "dependencies": {
        "@vuelidate/core": "^2.0.0-alpha.35",
        "@vuelidate/validators": "^2.0.0-alpha.27"
      }
    },
    "node_modules/@vuelidate/core": {
      "version": "2.0.0-alpha.35",
      "resolved": "https://registry.npmjs.org/@vuelidate/core/-/core-2.0.0-alpha.35.tgz",
      "integrity": "sha512-BSGQElu5lyI0GzqehFzUWy7GXhEUC7Z8oEpdxgCyGGN5gOFlAQ5Zr4dDFzfIOhU4jik3CfPHK+i+Juqg2OCKNw==",
      "dependencies": {
        "vue-demi": "^0.12.0"
      }
    },
    "node_modules/@vuelidate/validators": {
      "version": "2.0.0-alpha.27",
      "resolved": "https://registry.npmjs.org/@vuelidate/validators/-/validators-2.0.0-alpha.27.tgz",
      "integrity": "sha512-omCUVP+gr2kKBMQwdKsOYPWYk/Fu92K93LRnl8Vk856UudNlb89wCreh0/Q8DpVEOisLljI3T7026QCo9eSq4Q==",
      "dependencies": {
        "vue-demi": "^0.12.0"
      }
    },
    "node_modules/vue": {
      "version": "2.6.14",
      "resolved": "https://registry.npmjs.org/vue/-/vue-2.6.14.tgz",
      "integrity": "sha512-x2284lgYvjOMj3Za7kqzRcUSxBboHqtgRE2zlos1qWaOye5yUmHn42LB1250NJBLRwEcdrB0JRwyPTEPhfQjiQ==",
      "peer": true
    },
    "node_modules/vue-demi": {
      "version": "0.12.4",
      "resolved": "https://registry.npmjs.org/vue-demi/-/vue-demi-0.12.4.tgz",
      "integrity": "sha512-ztPDkFt0TSUdoq1ZI6oD730vgztBkiByhUW7L1cOTebiSBqSYfSQgnhYakYigBkyAybqCTH7h44yZuDJf2xILQ==",
      "hasInstallScript": true,
      "bin": {
        "vue-demi-fix": "bin/vue-demi-fix.js",
        "vue-demi-switch": "bin/vue-demi-switch.js"
      },
      "engines": {
        "node": ">=12"
      },
      "funding": {
        "url": "https://github.com/sponsors/antfu"
      },
      "peerDependencies": {
        "@vue/composition-api": "^1.0.0-rc.1",
        "vue": "^3.0.0-0 || ^2.6.0"
      },
      "peerDependenciesMeta": {
        "@vue/composition-api": {
          "optional": true
        }
      }
    }
  },
  "dependencies": {
    "@vuelidate/core": {
      "version": "2.0.0-alpha.35",
      "resolved": "https://registry.npmjs.org/@vuelidate/core/-/core-2.0.0-alpha.35.tgz",
      "integrity": "sha512-BSGQElu5lyI0GzqehFzUWy7GXhEUC7Z8oEpdxgCyGGN5gOFlAQ5Zr4dDFzfIOhU4jik3CfPHK+i+Juqg2OCKNw==",
      "requires": {
        "vue-demi": "^0.12.0"
      }
    },
    "@vuelidate/validators": {
      "version": "2.0.0-alpha.27",
      "resolved": "https://registry.npmjs.org/@vuelidate/validators/-/validators-2.0.0-alpha.27.tgz",
      "integrity": "sha512-omCUVP+gr2kKBMQwdKsOYPWYk/Fu92K93LRnl8Vk856UudNlb89wCreh0/Q8DpVEOisLljI3T7026QCo9eSq4Q==",
      "requires": {
        "vue-demi": "^0.12.0"
      }
    },
    "vue": {
      "version": "2.6.14",
      "resolved": "https://registry.npmjs.org/vue/-/vue-2.6.14.tgz",
      "integrity": "sha512-x2284lgYvjOMj3Za7kqzRcUSxBboHqtgRE2zlos1qWaOye5yUmHn42LB1250NJBLRwEcdrB0JRwyPTEPhfQjiQ==",
      "peer": true
    },
    "vue-demi": {
      "version": "0.12.4",
      "resolved": "https://registry.npmjs.org/vue-demi/-/vue-demi-0.12.4.tgz",
      "integrity": "sha512-ztPDkFt0TSUdoq1ZI6oD730vgztBkiByhUW7L1cOTebiSBqSYfSQgnhYakYigBkyAybqCTH7h44yZuDJf2xILQ==",
      "requires": {}
    }
  }
}
