
Microsoft Visual Studio Solution File, Format Version 12.00
# Visual Studio Version 17
VisualStudioVersion = 17.0.31912.275
MinimumVisualStudioVersion = 10.0.40219.1
Project("{FAE04EC0-301F-11D3-BF4B-00C04F79EFBC}") = "Pratica3", "Pratica3.csproj", "{D808D11F-02A8-4B38-B059-3B7FF680158B}"
EndProject
Global
	GlobalSection(SolutionConfigurationPlatforms) = preSolution
		Debug|Any CPU = Debug|Any CPU
		Release|Any CPU = Release|Any CPU
	EndGlobalSection
	GlobalSection(ProjectConfigurationPlatforms) = postSolution
		{D808D11F-02A8-4B38-B059-3B7FF680158B}.Debug|Any CPU.ActiveCfg = Debug|Any CPU
		{D808D11F-02A8-4B38-B059-3B7FF680158B}.Debug|Any CPU.Build.0 = Debug|Any CPU
		{D808D11F-02A8-4B38-B059-3B7FF680158B}.Release|Any CPU.ActiveCfg = Release|Any CPU
		{D808D11F-02A8-4B38-B059-3B7FF680158B}.Release|Any CPU.Build.0 = Release|Any CPU
	EndGlobalSection
	GlobalSection(SolutionProperties) = preSolution
		HideSolutionNode = FALSE
	EndGlobalSection
	GlobalSection(ExtensibilityGlobals) = postSolution
		SolutionGuid = {54E67EED-AAA8-4ED4-97FC-6B83ACBB06EE}
	EndGlobalSection
EndGlobal
