
Microsoft Visual Studio Solution File, Format Version 12.00
# Visual Studio Version 17
VisualStudioVersion = 17.0.31912.275
MinimumVisualStudioVersion = 10.0.40219.1
Project("{FAE04EC0-301F-11D3-BF4B-00C04F79EFBC}") = "Pratica2Cont", "Pratica2Cont.csproj", "{0EE14530-A979-429F-9B17-5E80A12C85AD}"
EndProject
Global
	GlobalSection(SolutionConfigurationPlatforms) = preSolution
		Debug|Any CPU = Debug|Any CPU
		Release|Any CPU = Release|Any CPU
	EndGlobalSection
	GlobalSection(ProjectConfigurationPlatforms) = postSolution
		{0EE14530-A979-429F-9B17-5E80A12C85AD}.Debug|Any CPU.ActiveCfg = Debug|Any CPU
		{0EE14530-A979-429F-9B17-5E80A12C85AD}.Debug|Any CPU.Build.0 = Debug|Any CPU
		{0EE14530-A979-429F-9B17-5E80A12C85AD}.Release|Any CPU.ActiveCfg = Release|Any CPU
		{0EE14530-A979-429F-9B17-5E80A12C85AD}.Release|Any CPU.Build.0 = Release|Any CPU
	EndGlobalSection
	GlobalSection(SolutionProperties) = preSolution
		HideSolutionNode = FALSE
	EndGlobalSection
	GlobalSection(ExtensibilityGlobals) = postSolution
		SolutionGuid = {61B6E8D0-378F-408C-9F31-5E0769D72AE7}
	EndGlobalSection
EndGlobal
