
Microsoft Visual Studio Solution File, Format Version 12.00
# Visual Studio Version 17
VisualStudioVersion = 17.0.31919.166
MinimumVisualStudioVersion = 10.0.40219.1
Project("{FAE04EC0-301F-11D3-BF4B-00C04F79EFBC}") = "Pedro_Gouveia_2019419", "Pedro_Gouveia_2019419.csproj", "{D3494E2F-776B-4870-8075-79023EB12E78}"
EndProject
Global
	GlobalSection(SolutionConfigurationPlatforms) = preSolution
		Debug|Any CPU = Debug|Any CPU
		Release|Any CPU = Release|Any CPU
	EndGlobalSection
	GlobalSection(ProjectConfigurationPlatforms) = postSolution
		{D3494E2F-776B-4870-8075-79023EB12E78}.Debug|Any CPU.ActiveCfg = Debug|Any CPU
		{D3494E2F-776B-4870-8075-79023EB12E78}.Debug|Any CPU.Build.0 = Debug|Any CPU
		{D3494E2F-776B-4870-8075-79023EB12E78}.Release|Any CPU.ActiveCfg = Release|Any CPU
		{D3494E2F-776B-4870-8075-79023EB12E78}.Release|Any CPU.Build.0 = Release|Any CPU
	EndGlobalSection
	GlobalSection(SolutionProperties) = preSolution
		HideSolutionNode = FALSE
	EndGlobalSection
	GlobalSection(ExtensibilityGlobals) = postSolution
		SolutionGuid = {DA3EB187-7C02-44CD-BD00-0F1345B63E64}
	EndGlobalSection
EndGlobal
