
Microsoft Visual Studio Solution File, Format Version 12.00
# Visual Studio Version 17
VisualStudioVersion = 17.0.32126.317
MinimumVisualStudioVersion = 10.0.40219.1
Project("{9A19103F-16F7-4668-BE54-9A1E7A4F7556}") = "Movable", "Movable.csproj", "{1B5E0943-6EDC-4BCE-AA14-EA7BC8FF4B84}"
EndProject
Project("{FAE04EC0-301F-11D3-BF4B-00C04F79EFBC}") = "MusicPlayer", "..\MusicPlayer\MusicPlayer.csproj", "{831FA3C6-1F60-4E15-8213-58B72241BB61}"
EndProject
Global
	GlobalSection(SolutionConfigurationPlatforms) = preSolution
		Debug|Any CPU = Debug|Any CPU
		Release|Any CPU = Release|Any CPU
	EndGlobalSection
	GlobalSection(ProjectConfigurationPlatforms) = postSolution
		{1B5E0943-6EDC-4BCE-AA14-EA7BC8FF4B84}.Debug|Any CPU.ActiveCfg = Debug|Any CPU
		{1B5E0943-6EDC-4BCE-AA14-EA7BC8FF4B84}.Debug|Any CPU.Build.0 = Debug|Any CPU
		{1B5E0943-6EDC-4BCE-AA14-EA7BC8FF4B84}.Release|Any CPU.ActiveCfg = Release|Any CPU
		{1B5E0943-6EDC-4BCE-AA14-EA7BC8FF4B84}.Release|Any CPU.Build.0 = Release|Any CPU
		{831FA3C6-1F60-4E15-8213-58B72241BB61}.Debug|Any CPU.ActiveCfg = Debug|Any CPU
		{831FA3C6-1F60-4E15-8213-58B72241BB61}.Debug|Any CPU.Build.0 = Debug|Any CPU
		{831FA3C6-1F60-4E15-8213-58B72241BB61}.Release|Any CPU.ActiveCfg = Release|Any CPU
		{831FA3C6-1F60-4E15-8213-58B72241BB61}.Release|Any CPU.Build.0 = Release|Any CPU
	EndGlobalSection
	GlobalSection(SolutionProperties) = preSolution
		HideSolutionNode = FALSE
	EndGlobalSection
	GlobalSection(ExtensibilityGlobals) = postSolution
		SolutionGuid = {EC9BB8F5-D286-4221-9EE3-1FE98903499F}
	EndGlobalSection
EndGlobal
